
Microsoft Visual Studio Solution File, Format Version 12.00
# Visual Studio Version 16
VisualStudioVersion = 16.0.30907.101
MinimumVisualStudioVersion = 10.0.40219.1
Project("{FAE04EC0-301F-11D3-BF4B-00C04F79EFBC}") = "WpfClient", "WpfClient\WpfClient.csproj", "{1DAC42E9-43BB-418D-9F36-C1FCAFDE967D}"
	ProjectSection(ProjectDependencies) = postProject
		{5CF713C6-CEA4-4EDA-A96A-1202DECDD7E8} = {5CF713C6-CEA4-4EDA-A96A-1202DECDD7E8}
	EndProjectSection
EndProject
Project("{FAE04EC0-301F-11D3-BF4B-00C04F79EFBC}") = "WcfService", "WcfService\WcfService.csproj", "{5CF713C6-CEA4-4EDA-A96A-1202DECDD7E8}"
EndProject
Global
	GlobalSection(SolutionConfigurationPlatforms) = preSolution
		Debug|Any CPU = Debug|Any CPU
		Release|Any CPU = Release|Any CPU
	EndGlobalSection
	GlobalSection(ProjectConfigurationPlatforms) = postSolution
		{1DAC42E9-43BB-418D-9F36-C1FCAFDE967D}.Debug|Any CPU.ActiveCfg = Debug|Any CPU
		{1DAC42E9-43BB-418D-9F36-C1FCAFDE967D}.Debug|Any CPU.Build.0 = Debug|Any CPU
		{1DAC42E9-43BB-418D-9F36-C1FCAFDE967D}.Release|Any CPU.ActiveCfg = Release|Any CPU
		{1DAC42E9-43BB-418D-9F36-C1FCAFDE967D}.Release|Any CPU.Build.0 = Release|Any CPU
		{5CF713C6-CEA4-4EDA-A96A-1202DECDD7E8}.Debug|Any CPU.ActiveCfg = Debug|Any CPU
		{5CF713C6-CEA4-4EDA-A96A-1202DECDD7E8}.Debug|Any CPU.Build.0 = Debug|Any CPU
		{5CF713C6-CEA4-4EDA-A96A-1202DECDD7E8}.Release|Any CPU.ActiveCfg = Release|Any CPU
		{5CF713C6-CEA4-4EDA-A96A-1202DECDD7E8}.Release|Any CPU.Build.0 = Release|Any CPU
	EndGlobalSection
	GlobalSection(SolutionProperties) = preSolution
		HideSolutionNode = FALSE
	EndGlobalSection
	GlobalSection(ExtensibilityGlobals) = postSolution
		SolutionGuid = {CF3DAF9C-5819-409F-B58B-31677E6EB4B6}
	EndGlobalSection
EndGlobal
